// !$*UTF8*$!
{
	archiveVersion = 1;
	classes = {
	};
	objectVersion = 55;
	objects = {

/* Begin PBXBuildFile section */
		4FF8DD82287F5B640000AB6D /* Matt_Pfeiffer_Challenge_1App.swift in Sources */ = {isa = PBXBuildFile; fileRef = 4FF8DD81287F5B640000AB6D /* Matt_Pfeiffer_Challenge_1App.swift */; };
		4FF8DD84287F5B640000AB6D /* ContentView.swift in Sources */ = {isa = PBXBuildFile; fileRef = 4FF8DD83287F5B640000AB6D /* ContentView.swift */; };
		4FF8DD86287F5B650000AB6D /* Assets.xcassets in Resources */ = {isa = PBXBuildFile; fileRef = 4FF8DD85287F5B650000AB6D /* Assets.xcassets */; };
		4FF8DD89287F5B650000AB6D /* Preview Assets.xcassets in Resources */ = {isa = PBXBuildFile; fileRef = 4FF8DD88287F5B650000AB6D /* Preview Assets.xcassets */; };
		4FF8DD90287F5FB60000AB6D /* AnimatingRectangle.swift in Sources */ = {isa = PBXBuildFile; fileRef = 4FF8DD8F287F5FB60000AB6D /* AnimatingRectangle.swift */; };
		4FF8DD92287F5FCF0000AB6D /* AnimatingRectanglesView.swift in Sources */ = {isa = PBXBuildFile; fileRef = 4FF8DD91287F5FCF0000AB6D /* AnimatingRectanglesView.swift */; };
/* End PBXBuildFile section */

/* Begin PBXFileReference section */
		4FF8DD7E287F5B640000AB6D /* Matt_Pfeiffer_Challenge_1.app */ = {isa = PBXFileReference; explicitFileType = wrapper.application; includeInIndex = 0; path = Matt_Pfeiffer_Challenge_1.app; sourceTree = BUILT_PRODUCTS_DIR; };
		4FF8DD81287F5B640000AB6D /* Matt_Pfeiffer_Challenge_1App.swift */ = {isa = PBXFileReference; lastKnownFileType = sourcecode.swift; path = Matt_Pfeiffer_Challenge_1App.swift; sourceTree = "<group>"; };
		4FF8DD83287F5B640000AB6D /* ContentView.swift */ = {isa = PBXFileReference; lastKnownFileType = sourcecode.swift; path = ContentView.swift; sourceTree = "<group>"; };
		4FF8DD85287F5B650000AB6D /* Assets.xcassets */ = {isa = PBXFileReference; lastKnownFileType = folder.assetcatalog; path = Assets.xcassets; sourceTree = "<group>"; };
		4FF8DD88287F5B650000AB6D /* Preview Assets.xcassets */ = {isa = PBXFileReference; lastKnownFileType = folder.assetcatalog; path = "Preview Assets.xcassets"; sourceTree = "<group>"; };
		4FF8DD8F287F5FB60000AB6D /* AnimatingRectangle.swift */ = {isa = PBXFileReference; lastKnownFileType = sourcecode.swift; path = AnimatingRectangle.swift; sourceTree = "<group>"; };
		4FF8DD91287F5FCF0000AB6D /* AnimatingRectanglesView.swift */ = {isa = PBXFileReference; lastKnownFileType = sourcecode.swift; path = AnimatingRectanglesView.swift; sourceTree = "<group>"; };
/* End PBXFileReference section */

/* Begin PBXFrameworksBuildPhase section */
		4FF8DD7B287F5B640000AB6D /* Frameworks */ = {
			isa = PBXFrameworksBuildPhase;
			buildActionMask = 2147483647;
			files = (
			);
			runOnlyForDeploymentPostprocessing = 0;
		};
/* End PBXFrameworksBuildPhase section */

/* Begin PBXGroup section */
		4FF8DD75287F5B640000AB6D = {
			isa = PBXGroup;
			children = (
				4FF8DD80287F5B640000AB6D /* Matt_Pfeiffer_Challenge_1 */,
				4FF8DD7F287F5B640000AB6D /* Products */,
			);
			sourceTree = "<group>";
		};
		4FF8DD7F287F5B640000AB6D /* Products */ = {
			isa = PBXGroup;
			children = (
				4FF8DD7E287F5B640000AB6D /* Matt_Pfeiffer_Challenge_1.app */,
			);
			name = Products;
			sourceTree = "<group>";
		};
		4FF8DD80287F5B640000AB6D /* Matt_Pfeiffer_Challenge_1 */ = {
			isa = PBXGroup;
			children = (
				4FF8DD81287F5B640000AB6D /* Matt_Pfeiffer_Challenge_1App.swift */,
				4FF8DD83287F5B640000AB6D /* ContentView.swift */,
				4FF8DD91287F5FCF0000AB6D /* AnimatingRectanglesView.swift */,
				4FF8DD8F287F5FB60000AB6D /* AnimatingRectangle.swift */,
				4FF8DD85287F5B650000AB6D /* Assets.xcassets */,
				4FF8DD87287F5B650000AB6D /* Preview Content */,
			);
			path = Matt_Pfeiffer_Challenge_1;
			sourceTree = "<group>";
		};
		4FF8DD87287F5B650000AB6D /* Preview Content */ = {
			isa = PBXGroup;
			children = (
				4FF8DD88287F5B650000AB6D /* Preview Assets.xcassets */,
			);
			path = "Preview Content";
			sourceTree = "<group>";
		};
/* End PBXGroup section */

/* Begin PBXNativeTarget section */
		4FF8DD7D287F5B640000AB6D /* Matt_Pfeiffer_Challenge_1 */ = {
			isa = PBXNativeTarget;
			buildConfigurationList = 4FF8DD8C287F5B650000AB6D /* Build configuration list for PBXNativeTarget "Matt_Pfeiffer_Challenge_1" */;
			buildPhases = (
				4FF8DD7A287F5B640000AB6D /* Sources */,
				4FF8DD7B287F5B640000AB6D /* Frameworks */,
				4FF8DD7C287F5B640000AB6D /* Resources */,
			);
			buildRules = (
			);
			dependencies = (
			);
			name = Matt_Pfeiffer_Challenge_1;
			productName = Matt_Pfeiffer_Challenge_1;
			productReference = 4FF8DD7E287F5B640000AB6D /* Matt_Pfeiffer_Challenge_1.app */;
			productType = "com.apple.product-type.application";
		};
/* End PBXNativeTarget section */

/* Begin PBXProject section */
		4FF8DD76287F5B640000AB6D /* Project object */ = {
			isa = PBXProject;
			attributes = {
				BuildIndependentTargetsInParallel = 1;
				LastSwiftUpdateCheck = 1340;
				LastUpgradeCheck = 1340;
				TargetAttributes = {
					4FF8DD7D287F5B640000AB6D = {
						CreatedOnToolsVersion = 13.4.1;
					};
				};
			};
			buildConfigurationList = 4FF8DD79287F5B640000AB6D /* Build configuration list for PBXProject "Matt_Pfeiffer_Challenge_1" */;
			compatibilityVersion = "Xcode 13.0";
			developmentRegion = en;
			hasScannedForEncodings = 0;
			knownRegions = (
				en,
				Base,
			);
			mainGroup = 4FF8DD75287F5B640000AB6D;
			productRefGroup = 4FF8DD7F287F5B640000AB6D /* Products */;
			projectDirPath = "";
			projectRoot = "";
			targets = (
				4FF8DD7D287F5B640000AB6D /* Matt_Pfeiffer_Challenge_1 */,
			);
		};
/* End PBXProject section */

/* Begin PBXResourcesBuildPhase section */
		4FF8DD7C287F5B640000AB6D /* Resources */ = {
			isa = PBXResourcesBuildPhase;
			buildActionMask = 2147483647;
			files = (
				4FF8DD89287F5B650000AB6D /* Preview Assets.xcassets in Resources */,
				4FF8DD86287F5B650000AB6D /* Assets.xcassets in Resources */,
			);
			runOnlyForDeploymentPostprocessing = 0;
		};
/* End PBXResourcesBuildPhase section */

/* Begin PBXSourcesBuildPhase section */
		4FF8DD7A287F5B640000AB6D /* Sources */ = {
			isa = PBXSourcesBuildPhase;
			buildActionMask = 2147483647;
			files = (
				4FF8DD84287F5B640000AB6D /* ContentView.swift in Sources */,
				4FF8DD82287F5B640000AB6D /* Matt_Pfeiffer_Challenge_1App.swift in Sources */,
				4FF8DD90287F5FB60000AB6D /* AnimatingRectangle.swift in Sources */,
				4FF8DD92287F5FCF0000AB6D /* AnimatingRectanglesView.swift in Sources */,
			);
			runOnlyForDeploymentPostprocessing = 0;
		};
/* End PBXSourcesBuildPhase section */

/* Begin XCBuildConfiguration section */
		4FF8DD8A287F5B650000AB6D /* Debug */ = {
			isa = XCBuildConfiguration;
			buildSettings = {
				ALWAYS_SEARCH_USER_PATHS = NO;
				CLANG_ANALYZER_NONNULL = YES;
				CLANG_ANALYZER_NUMBER_OBJECT_CONVERSION = YES_AGGRESSIVE;
				CLANG_CXX_LANGUAGE_STANDARD = "gnu++17";
				CLANG_ENABLE_MODULES = YES;
				CLANG_ENABLE_OBJC_ARC = YES;
				CLANG_ENABLE_OBJC_WEAK = YES;
				CLANG_WARN_BLOCK_CAPTURE_AUTORELEASING = YES;
				CLANG_WARN_BOOL_CONVERSION = YES;
				CLANG_WARN_COMMA = YES;
				CLANG_WARN_CONSTANT_CONVERSION = YES;
				CLANG_WARN_DEPRECATED_OBJC_IMPLEMENTATIONS = YES;
				CLANG_WARN_DIRECT_OBJC_ISA_USAGE = YES_ERROR;
				CLANG_WARN_DOCUMENTATION_COMMENTS = YES;
				CLANG_WARN_EMPTY_BODY = YES;
				CLANG_WARN_ENUM_CONVERSION = YES;
				CLANG_WARN_INFINITE_RECURSION = YES;
				CLANG_WARN_INT_CONVERSION = YES;
				CLANG_WARN_NON_LITERAL_NULL_CONVERSION = YES;
				CLANG_WARN_OBJC_IMPLICIT_RETAIN_SELF = YES;
				CLANG_WARN_OBJC_LITERAL_CONVERSION = YES;
				CLANG_WARN_OBJC_ROOT_CLASS = YES_ERROR;
				CLANG_WARN_QUOTED_INCLUDE_IN_FRAMEWORK_HEADER = YES;
				CLANG_WARN_RANGE_LOOP_ANALYSIS = YES;
				CLANG_WARN_STRICT_PROTOTYPES = YES;
				CLANG_WARN_SUSPICIOUS_MOVE = YES;
				CLANG_WARN_UNGUARDED_AVAILABILITY = YES_AGGRESSIVE;
				CLANG_WARN_UNREACHABLE_CODE = YES;
				CLANG_WARN__DUPLICATE_METHOD_MATCH = YES;
				COPY_PHASE_STRIP = NO;
				DEBUG_INFORMATION_FORMAT = dwarf;
				ENABLE_STRICT_OBJC_MSGSEND = YES;
				ENABLE_TESTABILITY = YES;
				GCC_C_LANGUAGE_STANDARD = gnu11;
				GCC_DYNAMIC_NO_PIC = NO;
				GCC_NO_COMMON_BLOCKS = YES;
				GCC_OPTIMIZATION_LEVEL = 0;
				GCC_PREPROCESSOR_DEFINITIONS = (
					"DEBUG=1",
					"$(inherited)",
				);
				GCC_WARN_64_TO_32_BIT_CONVERSION = YES;
				GCC_WARN_ABOUT_RETURN_TYPE = YES_ERROR;
				GCC_WARN_UNDECLARED_SELECTOR = YES;
				GCC_WARN_UNINITIALIZED_AUTOS = YES_AGGRESSIVE;
				GCC_WARN_UNUSED_FUNCTION = YES;
				GCC_WARN_UNUSED_VARIABLE = YES;
				IPHONEOS_DEPLOYMENT_TARGET = 15.5;
				MTL_ENABLE_DEBUG_INFO = INCLUDE_SOURCE;
				MTL_FAST_MATH = YES;
				ONLY_ACTIVE_ARCH = YES;
				SDKROOT = iphoneos;
				SWIFT_ACTIVE_COMPILATION_CONDITIONS = DEBUG;
				SWIFT_OPTIMIZATION_LEVEL = "-Onone";
			};
			name = Debug;
		};
		4FF8DD8B287F5B650000AB6D /* Release */ = {
			isa = XCBuildConfiguration;
			buildSettings = {
				ALWAYS_SEARCH_USER_PATHS = NO;
				CLANG_ANALYZER_NONNULL = YES;
				CLANG_ANALYZER_NUMBER_OBJECT_CONVERSION = YES_AGGRESSIVE;
				CLANG_CXX_LANGUAGE_STANDARD = "gnu++17";
				CLANG_ENABLE_MODULES = YES;
				CLANG_ENABLE_OBJC_ARC = YES;
				CLANG_ENABLE_OBJC_WEAK = YES;
				CLANG_WARN_BLOCK_CAPTURE_AUTORELEASING = YES;
				CLANG_WARN_BOOL_CONVERSION = YES;
				CLANG_WARN_COMMA = YES;
				CLANG_WARN_CONSTANT_CONVERSION = YES;
				CLANG_WARN_DEPRECATED_OBJC_IMPLEMENTATIONS = YES;
				CLANG_WARN_DIRECT_OBJC_ISA_USAGE = YES_ERROR;
				CLANG_WARN_DOCUMENTATION_COMMENTS = YES;
				CLANG_WARN_EMPTY_BODY = YES;
				CLANG_WARN_ENUM_CONVERSION = YES;
				CLANG_WARN_INFINITE_RECURSION = YES;
				CLANG_WARN_INT_CONVERSION = YES;
				CLANG_WARN_NON_LITERAL_NULL_CONVERSION = YES;
				CLANG_WARN_OBJC_IMPLICIT_RETAIN_SELF = YES;
				CLANG_WARN_OBJC_LITERAL_CONVERSION = YES;
				CLANG_WARN_OBJC_ROOT_CLASS = YES_ERROR;
				CLANG_WARN_QUOTED_INCLUDE_IN_FRAMEWORK_HEADER = YES;
				CLANG_WARN_RANGE_LOOP_ANALYSIS = YES;
				CLANG_WARN_STRICT_PROTOTYPES = YES;
				CLANG_WARN_SUSPICIOUS_MOVE = YES;
				CLANG_WARN_UNGUARDED_AVAILABILITY = YES_AGGRESSIVE;
				CLANG_WARN_UNREACHABLE_CODE = YES;
				CLANG_WARN__DUPLICATE_METHOD_MATCH = YES;
				COPY_PHASE_STRIP = NO;
				DEBUG_INFORMATION_FORMAT = "dwarf-with-dsym";
				ENABLE_NS_ASSERTIONS = NO;
				ENABLE_STRICT_OBJC_MSGSEND = YES;
				GCC_C_LANGUAGE_STANDARD = gnu11;
				GCC_NO_COMMON_BLOCKS = YES;
				GCC_WARN_64_TO_32_BIT_CONVERSION = YES;
				GCC_WARN_ABOUT_RETURN_TYPE = YES_ERROR;
				GCC_WARN_UNDECLARED_SELECTOR = YES;
				GCC_WARN_UNINITIALIZED_AUTOS = YES_AGGRESSIVE;
				GCC_WARN_UNUSED_FUNCTION = YES;
				GCC_WARN_UNUSED_VARIABLE = YES;
				IPHONEOS_DEPLOYMENT_TARGET = 15.5;
				MTL_ENABLE_DEBUG_INFO = NO;
				MTL_FAST_MATH = YES;
				SDKROOT = iphoneos;
				SWIFT_COMPILATION_MODE = wholemodule;
				SWIFT_OPTIMIZATION_LEVEL = "-O";
				VALIDATE_PRODUCT = YES;
			};
			name = Release;
		};
		4FF8DD8D287F5B650000AB6D /* Debug */ = {
			isa = XCBuildConfiguration;
			buildSettings = {
				ASSETCATALOG_COMPILER_APPICON_NAME = AppIcon;
				ASSETCATALOG_COMPILER_GLOBAL_ACCENT_COLOR_NAME = AccentColor;
				CODE_SIGN_STYLE = Automatic;
				CURRENT_PROJECT_VERSION = 1;
				DEVELOPMENT_ASSET_PATHS = "\"Matt_Pfeiffer_Challenge_1/Preview Content\"";
				DEVELOPMENT_TEAM = L2FL95P32D;
				ENABLE_PREVIEWS = YES;
				GENERATE_INFOPLIST_FILE = YES;
				INFOPLIST_KEY_UIApplicationSceneManifest_Generation = YES;
				INFOPLIST_KEY_UIApplicationSupportsIndirectInputEvents = YES;
				INFOPLIST_KEY_UILaunchScreen_Generation = YES;
				INFOPLIST_KEY_UISupportedInterfaceOrientations_iPad = "UIInterfaceOrientationPortrait UIInterfaceOrientationPortraitUpsideDown UIInterfaceOrientationLandscapeLeft UIInterfaceOrientationLandscapeRight";
				INFOPLIST_KEY_UISupportedInterfaceOrientations_iPhone = "UIInterfaceOrientationPortrait UIInterfaceOrientationLandscapeLeft UIInterfaceOrientationLandscapeRight";
				LD_RUNPATH_SEARCH_PATHS = (
					"$(inherited)",
					"@executable_path/Frameworks",
				);
				MARKETING_VERSION = 1.0;
				PRODUCT_BUNDLE_IDENTIFIER = "com.MattPfeiffer.Matt-Pfeiffer-Challenge-1";
				PRODUCT_NAME = "$(TARGET_NAME)";
				SWIFT_EMIT_LOC_STRINGS = YES;
				SWIFT_VERSION = 5.0;
				TARGETED_DEVICE_FAMILY = "1,2";
			};
			name = Debug;
		};
		4FF8DD8E287F5B650000AB6D /* Release */ = {
			isa = XCBuildConfiguration;
			buildSettings = {
				ASSETCATALOG_COMPILER_APPICON_NAME = AppIcon;
				ASSETCATALOG_COMPILER_GLOBAL_ACCENT_COLOR_NAME = AccentColor;
				CODE_SIGN_STYLE = Automatic;
				CURRENT_PROJECT_VERSION = 1;
				DEVELOPMENT_ASSET_PATHS = "\"Matt_Pfeiffer_Challenge_1/Preview Content\"";
				DEVELOPMENT_TEAM = L2FL95P32D;
				ENABLE_PREVIEWS = YES;
				GENERATE_INFOPLIST_FILE = YES;
				INFOPLIST_KEY_UIApplicationSceneManifest_Generation = YES;
				INFOPLIST_KEY_UIApplicationSupportsIndirectInputEvents = YES;
				INFOPLIST_KEY_UILaunchScreen_Generation = YES;
				INFOPLIST_KEY_UISupportedInterfaceOrientations_iPad = "UIInterfaceOrientationPortrait UIInterfaceOrientationPortraitUpsideDown UIInterfaceOrientationLandscapeLeft UIInterfaceOrientationLandscapeRight";
				INFOPLIST_KEY_UISupportedInterfaceOrientations_iPhone = "UIInterfaceOrientationPortrait UIInterfaceOrientationLandscapeLeft UIInterfaceOrientationLandscapeRight";
				LD_RUNPATH_SEARCH_PATHS = (
					"$(inherited)",
					"@executable_path/Frameworks",
				);
				MARKETING_VERSION = 1.0;
				PRODUCT_BUNDLE_IDENTIFIER = "com.MattPfeiffer.Matt-Pfeiffer-Challenge-1";
				PRODUCT_NAME = "$(TARGET_NAME)";
				SWIFT_EMIT_LOC_STRINGS = YES;
				SWIFT_VERSION = 5.0;
				TARGETED_DEVICE_FAMILY = "1,2";
			};
			name = Release;
		};
/* End XCBuildConfiguration section */

/* Begin XCConfigurationList section */
		4FF8DD79287F5B640000AB6D /* Build configuration list for PBXProject "Matt_Pfeiffer_Challenge_1" */ = {
			isa = XCConfigurationList;
			buildConfigurations = (
				4FF8DD8A287F5B650000AB6D /* Debug */,
				4FF8DD8B287F5B650000AB6D /* Release */,
			);
			defaultConfigurationIsVisible = 0;
			defaultConfigurationName = Release;
		};
		4FF8DD8C287F5B650000AB6D /* Build configuration list for PBXNativeTarget "Matt_Pfeiffer_Challenge_1" */ = {
			isa = XCConfigurationList;
			buildConfigurations = (
				4FF8DD8D287F5B650000AB6D /* Debug */,
				4FF8DD8E287F5B650000AB6D /* Release */,
			);
			defaultConfigurationIsVisible = 0;
			defaultConfigurationName = Release;
		};
/* End XCConfigurationList section */
	};
	rootObject = 4FF8DD76287F5B640000AB6D /* Project object */;
}
